// !$*UTF8*$!
{
	archiveVersion = 1;
	classes = {
	};
	objectVersion = 48;
	objects = {

/* Begin PBXBuildFile section */
		18468FA921894C81006D153D /* AppDelegate.m in Sources */ = {isa = PBXBuildFile; fileRef = 18468FA821894C81006D153D /* AppDelegate.m */; };
		18468FAF21894C81006D153D /* Main.storyboard in Resources */ = {isa = PBXBuildFile; fileRef = 18468FAD21894C81006D153D /* Main.storyboard */; };
		18468FB121894C81006D153D /* Assets.xcassets in Resources */ = {isa = PBXBuildFile; fileRef = 18468FB021894C81006D153D /* Assets.xcassets */; };
		18468FB421894C81006D153D /* LaunchScreen.storyboard in Resources */ = {isa = PBXBuildFile; fileRef = 18468FB221894C81006D153D /* LaunchScreen.storyboard */; };
		18468FB721894C81006D153D /* main.m in Sources */ = {isa = PBXBuildFile; fileRef = 18468FB621894C81006D153D /* main.m */; };
		18468FC221894ED2006D153D /* keyBoard.m in Sources */ = {isa = PBXBuildFile; fileRef = 18468FC121894ED1006D153D /* keyBoard.m */; };
		18468FC521894EDC006D153D /* ViewController.m in Sources */ = {isa = PBXBuildFile; fileRef = 18468FC321894EDC006D153D /* ViewController.m */; };
/* End PBXBuildFile section */

/* Begin PBXFileReference section */
		18468FA421894C81006D153D /* keyBoard.app */ = {isa = PBXFileReference; explicitFileType = wrapper.application; includeInIndex = 0; path = keyBoard.app; sourceTree = BUILT_PRODUCTS_DIR; };
		18468FA721894C81006D153D /* AppDelegate.h */ = {isa = PBXFileReference; lastKnownFileType = sourcecode.c.h; path = AppDelegate.h; sourceTree = "<group>"; };
		18468FA821894C81006D153D /* AppDelegate.m */ = {isa = PBXFileReference; lastKnownFileType = sourcecode.c.objc; path = AppDelegate.m; sourceTree = "<group>"; };
		18468FAE21894C81006D153D /* Base */ = {isa = PBXFileReference; lastKnownFileType = file.storyboard; name = Base; path = Base.lproj/Main.storyboard; sourceTree = "<group>"; };
		18468FB021894C81006D153D /* Assets.xcassets */ = {isa = PBXFileReference; lastKnownFileType = folder.assetcatalog; path = Assets.xcassets; sourceTree = "<group>"; };
		18468FB321894C81006D153D /* Base */ = {isa = PBXFileReference; lastKnownFileType = file.storyboard; name = Base; path = Base.lproj/LaunchScreen.storyboard; sourceTree = "<group>"; };
		18468FB521894C81006D153D /* Info.plist */ = {isa = PBXFileReference; lastKnownFileType = text.plist.xml; path = Info.plist; sourceTree = "<group>"; };
		18468FB621894C81006D153D /* main.m */ = {isa = PBXFileReference; lastKnownFileType = sourcecode.c.objc; path = main.m; sourceTree = "<group>"; };
		18468FC021894ED1006D153D /* keyBoard.h */ = {isa = PBXFileReference; fileEncoding = 4; lastKnownFileType = sourcecode.c.h; path = keyBoard.h; sourceTree = "<group>"; };
		18468FC121894ED1006D153D /* keyBoard.m */ = {isa = PBXFileReference; fileEncoding = 4; lastKnownFileType = sourcecode.c.objc; path = keyBoard.m; sourceTree = "<group>"; };
		18468FC321894EDC006D153D /* ViewController.m */ = {isa = PBXFileReference; fileEncoding = 4; lastKnownFileType = sourcecode.c.objc; name = ViewController.m; path = "../../../自定义键盘/自定义键盘/ViewController.m"; sourceTree = "<group>"; };
		18468FC421894EDC006D153D /* ViewController.h */ = {isa = PBXFileReference; fileEncoding = 4; lastKnownFileType = sourcecode.c.h; name = ViewController.h; path = "../../../自定义键盘/自定义键盘/ViewController.h"; sourceTree = "<group>"; };
/* End PBXFileReference section */

/* Begin PBXFrameworksBuildPhase section */
		18468FA121894C81006D153D /* Frameworks */ = {
			isa = PBXFrameworksBuildPhase;
			buildActionMask = 2147483647;
			files = (
			);
			runOnlyForDeploymentPostprocessing = 0;
		};
/* End PBXFrameworksBuildPhase section */

/* Begin PBXGroup section */
		18468F9B21894C81006D153D = {
			isa = PBXGroup;
			children = (
				18468FA621894C81006D153D /* keyBoard */,
				18468FA521894C81006D153D /* Products */,
			);
			sourceTree = "<group>";
		};
		18468FA521894C81006D153D /* Products */ = {
			isa = PBXGroup;
			children = (
				18468FA421894C81006D153D /* keyBoard.app */,
			);
			name = Products;
			sourceTree = "<group>";
		};
		18468FA621894C81006D153D /* keyBoard */ = {
			isa = PBXGroup;
			children = (
				18468FBD21894EC9006D153D /* IQKeyboardManager */,
				18468FA721894C81006D153D /* AppDelegate.h */,
				18468FA821894C81006D153D /* AppDelegate.m */,
				18468FC421894EDC006D153D /* ViewController.h */,
				18468FC321894EDC006D153D /* ViewController.m */,
				18468FAD21894C81006D153D /* Main.storyboard */,
				18468FB021894C81006D153D /* Assets.xcassets */,
				18468FB221894C81006D153D /* LaunchScreen.storyboard */,
				18468FB521894C81006D153D /* Info.plist */,
				18468FB621894C81006D153D /* main.m */,
			);
			path = keyBoard;
			sourceTree = "<group>";
		};
		18468FBD21894EC9006D153D /* IQKeyboardManager */ = {
			isa = PBXGroup;
			children = (
				18468FC021894ED1006D153D /* keyBoard.h */,
				18468FC121894ED1006D153D /* keyBoard.m */,
				18468FBE21894EC9006D153D /* IQTextView */,
				18468FBF21894EC9006D153D /* IQToolbar */,
			);
			path = IQKeyboardManager;
			sourceTree = "<group>";
		};
		18468FBE21894EC9006D153D /* IQTextView */ = {
			isa = PBXGroup;
			children = (
			);
			path = IQTextView;
			sourceTree = "<group>";
		};
		18468FBF21894EC9006D153D /* IQToolbar */ = {
			isa = PBXGroup;
			children = (
			);
			path = IQToolbar;
			sourceTree = "<group>";
		};
/* End PBXGroup section */

/* Begin PBXNativeTarget section */
		18468FA321894C81006D153D /* keyBoard */ = {
			isa = PBXNativeTarget;
			buildConfigurationList = 18468FBA21894C81006D153D /* Build configuration list for PBXNativeTarget "keyBoard" */;
			buildPhases = (
				18468FA021894C81006D153D /* Sources */,
				18468FA121894C81006D153D /* Frameworks */,
				18468FA221894C81006D153D /* Resources */,
			);
			buildRules = (
			);
			dependencies = (
			);
			name = keyBoard;
			productName = keyBoard;
			productReference = 18468FA421894C81006D153D /* keyBoard.app */;
			productType = "com.apple.product-type.application";
		};
/* End PBXNativeTarget section */

/* Begin PBXProject section */
		18468F9C21894C81006D153D /* Project object */ = {
			isa = PBXProject;
			attributes = {
				LastUpgradeCheck = 0920;
				ORGANIZATIONNAME = "王洋";
				TargetAttributes = {
					18468FA321894C81006D153D = {
						CreatedOnToolsVersion = 9.2;
						ProvisioningStyle = Automatic;
					};
				};
			};
			buildConfigurationList = 18468F9F21894C81006D153D /* Build configuration list for PBXProject "keyBoard" */;
			compatibilityVersion = "Xcode 8.0";
			developmentRegion = en;
			hasScannedForEncodings = 0;
			knownRegions = (
				en,
				Base,
			);
			mainGroup = 18468F9B21894C81006D153D;
			productRefGroup = 18468FA521894C81006D153D /* Products */;
			projectDirPath = "";
			projectRoot = "";
			targets = (
				18468FA321894C81006D153D /* keyBoard */,
			);
		};
/* End PBXProject section */

/* Begin PBXResourcesBuildPhase section */
		18468FA221894C81006D153D /* Resources */ = {
			isa = PBXResourcesBuildPhase;
			buildActionMask = 2147483647;
			files = (
				18468FB421894C81006D153D /* LaunchScreen.storyboard in Resources */,
				18468FB121894C81006D153D /* Assets.xcassets in Resources */,
				18468FAF21894C81006D153D /* Main.storyboard in Resources */,
			);
			runOnlyForDeploymentPostprocessing = 0;
		};
/* End PBXResourcesBuildPhase section */

/* Begin PBXSourcesBuildPhase section */
		18468FA021894C81006D153D /* Sources */ = {
			isa = PBXSourcesBuildPhase;
			buildActionMask = 2147483647;
			files = (
				18468FB721894C81006D153D /* main.m in Sources */,
				18468FC221894ED2006D153D /* keyBoard.m in Sources */,
				18468FA921894C81006D153D /* AppDelegate.m in Sources */,
				18468FC521894EDC006D153D /* ViewController.m in Sources */,
			);
			runOnlyForDeploymentPostprocessing = 0;
		};
/* End PBXSourcesBuildPhase section */

/* Begin PBXVariantGroup section */
		18468FAD21894C81006D153D /* Main.storyboard */ = {
			isa = PBXVariantGroup;
			children = (
				18468FAE21894C81006D153D /* Base */,
			);
			name = Main.storyboard;
			sourceTree = "<group>";
		};
		18468FB221894C81006D153D /* LaunchScreen.storyboard */ = {
			isa = PBXVariantGroup;
			children = (
				18468FB321894C81006D153D /* Base */,
			);
			name = LaunchScreen.storyboard;
			sourceTree = "<group>";
		};
/* End PBXVariantGroup section */

/* Begin XCBuildConfiguration section */
		18468FB821894C81006D153D /* Debug */ = {
			isa = XCBuildConfiguration;
			buildSettings = {
				ALWAYS_SEARCH_USER_PATHS = NO;
				CLANG_ANALYZER_NONNULL = YES;
				CLANG_ANALYZER_NUMBER_OBJECT_CONVERSION = YES_AGGRESSIVE;
				CLANG_CXX_LANGUAGE_STANDARD = "gnu++14";
				CLANG_CXX_LIBRARY = "libc++";
				CLANG_ENABLE_MODULES = YES;
				CLANG_ENABLE_OBJC_ARC = YES;
				CLANG_WARN_BLOCK_CAPTURE_AUTORELEASING = YES;
				CLANG_WARN_BOOL_CONVERSION = YES;
				CLANG_WARN_COMMA = YES;
				CLANG_WARN_CONSTANT_CONVERSION = YES;
				CLANG_WARN_DIRECT_OBJC_ISA_USAGE = YES_ERROR;
				CLANG_WARN_DOCUMENTATION_COMMENTS = YES;
				CLANG_WARN_EMPTY_BODY = YES;
				CLANG_WARN_ENUM_CONVERSION = YES;
				CLANG_WARN_INFINITE_RECURSION = YES;
				CLANG_WARN_INT_CONVERSION = YES;
				CLANG_WARN_NON_LITERAL_NULL_CONVERSION = YES;
				CLANG_WARN_OBJC_LITERAL_CONVERSION = YES;
				CLANG_WARN_OBJC_ROOT_CLASS = YES_ERROR;
				CLANG_WARN_RANGE_LOOP_ANALYSIS = YES;
				CLANG_WARN_STRICT_PROTOTYPES = YES;
				CLANG_WARN_SUSPICIOUS_MOVE = YES;
				CLANG_WARN_UNGUARDED_AVAILABILITY = YES_AGGRESSIVE;
				CLANG_WARN_UNREACHABLE_CODE = YES;
				CLANG_WARN__DUPLICATE_METHOD_MATCH = YES;
				CODE_SIGN_IDENTITY = "iPhone Developer";
				COPY_PHASE_STRIP = NO;
				DEBUG_INFORMATION_FORMAT = dwarf;
				ENABLE_STRICT_OBJC_MSGSEND = YES;
				ENABLE_TESTABILITY = YES;
				GCC_C_LANGUAGE_STANDARD = gnu11;
				GCC_DYNAMIC_NO_PIC = NO;
				GCC_NO_COMMON_BLOCKS = YES;
				GCC_OPTIMIZATION_LEVEL = 0;
				GCC_PREPROCESSOR_DEFINITIONS = (
					"DEBUG=1",
					"$(inherited)",
				);
				GCC_WARN_64_TO_32_BIT_CONVERSION = YES;
				GCC_WARN_ABOUT_RETURN_TYPE = YES_ERROR;
				GCC_WARN_UNDECLARED_SELECTOR = YES;
				GCC_WARN_UNINITIALIZED_AUTOS = YES_AGGRESSIVE;
				GCC_WARN_UNUSED_FUNCTION = YES;
				GCC_WARN_UNUSED_VARIABLE = YES;
				IPHONEOS_DEPLOYMENT_TARGET = 11.2;
				MTL_ENABLE_DEBUG_INFO = YES;
				ONLY_ACTIVE_ARCH = YES;
				SDKROOT = iphoneos;
			};
			name = Debug;
		};
		18468FB921894C81006D153D /* Release */ = {
			isa = XCBuildConfiguration;
			buildSettings = {
				ALWAYS_SEARCH_USER_PATHS = NO;
				CLANG_ANALYZER_NONNULL = YES;
				CLANG_ANALYZER_NUMBER_OBJECT_CONVERSION = YES_AGGRESSIVE;
				CLANG_CXX_LANGUAGE_STANDARD = "gnu++14";
				CLANG_CXX_LIBRARY = "libc++";
				CLANG_ENABLE_MODULES = YES;
				CLANG_ENABLE_OBJC_ARC = YES;
				CLANG_WARN_BLOCK_CAPTURE_AUTORELEASING = YES;
				CLANG_WARN_BOOL_CONVERSION = YES;
				CLANG_WARN_COMMA = YES;
				CLANG_WARN_CONSTANT_CONVERSION = YES;
				CLANG_WARN_DIRECT_OBJC_ISA_USAGE = YES_ERROR;
				CLANG_WARN_DOCUMENTATION_COMMENTS = YES;
				CLANG_WARN_EMPTY_BODY = YES;
				CLANG_WARN_ENUM_CONVERSION = YES;
				CLANG_WARN_INFINITE_RECURSION = YES;
				CLANG_WARN_INT_CONVERSION = YES;
				CLANG_WARN_NON_LITERAL_NULL_CONVERSION = YES;
				CLANG_WARN_OBJC_LITERAL_CONVERSION = YES;
				CLANG_WARN_OBJC_ROOT_CLASS = YES_ERROR;
				CLANG_WARN_RANGE_LOOP_ANALYSIS = YES;
				CLANG_WARN_STRICT_PROTOTYPES = YES;
				CLANG_WARN_SUSPICIOUS_MOVE = YES;
				CLANG_WARN_UNGUARDED_AVAILABILITY = YES_AGGRESSIVE;
				CLANG_WARN_UNREACHABLE_CODE = YES;
				CLANG_WARN__DUPLICATE_METHOD_MATCH = YES;
				CODE_SIGN_IDENTITY = "iPhone Developer";
				COPY_PHASE_STRIP = NO;
				DEBUG_INFORMATION_FORMAT = "dwarf-with-dsym";
				ENABLE_NS_ASSERTIONS = NO;
				ENABLE_STRICT_OBJC_MSGSEND = YES;
				GCC_C_LANGUAGE_STANDARD = gnu11;
				GCC_NO_COMMON_BLOCKS = YES;
				GCC_WARN_64_TO_32_BIT_CONVERSION = YES;
				GCC_WARN_ABOUT_RETURN_TYPE = YES_ERROR;
				GCC_WARN_UNDECLARED_SELECTOR = YES;
				GCC_WARN_UNINITIALIZED_AUTOS = YES_AGGRESSIVE;
				GCC_WARN_UNUSED_FUNCTION = YES;
				GCC_WARN_UNUSED_VARIABLE = YES;
				IPHONEOS_DEPLOYMENT_TARGET = 11.2;
				MTL_ENABLE_DEBUG_INFO = NO;
				SDKROOT = iphoneos;
				VALIDATE_PRODUCT = YES;
			};
			name = Release;
		};
		18468FBB21894C81006D153D /* Debug */ = {
			isa = XCBuildConfiguration;
			buildSettings = {
				ASSETCATALOG_COMPILER_APPICON_NAME = AppIcon;
				CODE_SIGN_STYLE = Automatic;
				DEVELOPMENT_TEAM = Y2YQ5VQATP;
				INFOPLIST_FILE = keyBoard/Info.plist;
				LD_RUNPATH_SEARCH_PATHS = "$(inherited) @executable_path/Frameworks";
				PRODUCT_BUNDLE_IDENTIFIER = qunsheng.com.jinyuan;
				PRODUCT_NAME = "$(TARGET_NAME)";
				TARGETED_DEVICE_FAMILY = "1,2";
			};
			name = Debug;
		};
		18468FBC21894C81006D153D /* Release */ = {
			isa = XCBuildConfiguration;
			buildSettings = {
				ASSETCATALOG_COMPILER_APPICON_NAME = AppIcon;
				CODE_SIGN_STYLE = Automatic;
				DEVELOPMENT_TEAM = Y2YQ5VQATP;
				INFOPLIST_FILE = keyBoard/Info.plist;
				LD_RUNPATH_SEARCH_PATHS = "$(inherited) @executable_path/Frameworks";
				PRODUCT_BUNDLE_IDENTIFIER = qunsheng.com.jinyuan;
				PRODUCT_NAME = "$(TARGET_NAME)";
				TARGETED_DEVICE_FAMILY = "1,2";
			};
			name = Release;
		};
/* End XCBuildConfiguration section */

/* Begin XCConfigurationList section */
		18468F9F21894C81006D153D /* Build configuration list for PBXProject "keyBoard" */ = {
			isa = XCConfigurationList;
			buildConfigurations = (
				18468FB821894C81006D153D /* Debug */,
				18468FB921894C81006D153D /* Release */,
			);
			defaultConfigurationIsVisible = 0;
			defaultConfigurationName = Release;
		};
		18468FBA21894C81006D153D /* Build configuration list for PBXNativeTarget "keyBoard" */ = {
			isa = XCConfigurationList;
			buildConfigurations = (
				18468FBB21894C81006D153D /* Debug */,
				18468FBC21894C81006D153D /* Release */,
			);
			defaultConfigurationIsVisible = 0;
			defaultConfigurationName = Release;
		};
/* End XCConfigurationList section */
	};
	rootObject = 18468F9C21894C81006D153D /* Project object */;
}
